
Microsoft Visual Studio Solution File, Format Version 12.00
# Visual Studio 15
Project("{FAE04EC0-301F-11D3-BF4B-00C04F79EFBC}") = "Assembly-CSharp", "Assembly-CSharp.csproj", "{ED8EF1C4-48AD-12A6-D31C-DB36302ED37B}"
EndProject
Project("{FAE04EC0-301F-11D3-BF4B-00C04F79EFBC}") = "Assembly-CSharp-Editor", "Assembly-CSharp-Editor.csproj", "{952A9AA4-CA0D-78A0-DF81-32AE4D2A634B}"
EndProject
Global
	GlobalSection(SolutionConfigurationPlatforms) = preSolution
		Debug|Any CPU = Debug|Any CPU
		Release|Any CPU = Release|Any CPU
	EndGlobalSection
	GlobalSection(ProjectConfigurationPlatforms) = postSolution
		{ED8EF1C4-48AD-12A6-D31C-DB36302ED37B}.Debug|Any CPU.ActiveCfg = Debug|Any CPU
		{ED8EF1C4-48AD-12A6-D31C-DB36302ED37B}.Debug|Any CPU.Build.0 = Debug|Any CPU
		{ED8EF1C4-48AD-12A6-D31C-DB36302ED37B}.Release|Any CPU.ActiveCfg = Release|Any CPU
		{ED8EF1C4-48AD-12A6-D31C-DB36302ED37B}.Release|Any CPU.Build.0 = Release|Any CPU
		{952A9AA4-CA0D-78A0-DF81-32AE4D2A634B}.Debug|Any CPU.ActiveCfg = Debug|Any CPU
		{952A9AA4-CA0D-78A0-DF81-32AE4D2A634B}.Debug|Any CPU.Build.0 = Debug|Any CPU
		{952A9AA4-CA0D-78A0-DF81-32AE4D2A634B}.Release|Any CPU.ActiveCfg = Release|Any CPU
		{952A9AA4-CA0D-78A0-DF81-32AE4D2A634B}.Release|Any CPU.Build.0 = Release|Any CPU
	EndGlobalSection
	GlobalSection(SolutionProperties) = preSolution
		HideSolutionNode = FALSE
	EndGlobalSection
EndGlobal
